
Microsoft Visual Studio Solution File, Format Version 12.00
# Visual Studio Version 17
VisualStudioVersion = 17.9.34607.119
MinimumVisualStudioVersion = 10.0.40219.1
Project("{9A19103F-16F7-4668-BE54-9A1E7A4F7556}") = "LoadBalancer.Client", "LoadBalancer.Client\LoadBalancer.Client.csproj", "{7F8CA220-B54A-4791-AE12-4E22A9C3F2D0}"
EndProject
Project("{9A19103F-16F7-4668-BE54-9A1E7A4F7556}") = "LoadBalancer.Core", "LoadBalancer.Core\LoadBalancer.Core.csproj", "{13142421-ADBB-4B95-8813-F8B0778F2D55}"
EndProject
Project("{FAE04EC0-301F-11D3-BF4B-00C04F79EFBC}") = "LoadBalancer.RoundRobin", "LoadBalancer.RoundRobin\LoadBalancer.RoundRobin.csproj", "{CF8C9240-D5C7-4D6E-8059-C1F7C5362540}"
EndProject
Global
	GlobalSection(SolutionConfigurationPlatforms) = preSolution
		Debug|Any CPU = Debug|Any CPU
		Release|Any CPU = Release|Any CPU
	EndGlobalSection
	GlobalSection(ProjectConfigurationPlatforms) = postSolution
		{7F8CA220-B54A-4791-AE12-4E22A9C3F2D0}.Debug|Any CPU.ActiveCfg = Debug|Any CPU
		{7F8CA220-B54A-4791-AE12-4E22A9C3F2D0}.Debug|Any CPU.Build.0 = Debug|Any CPU
		{7F8CA220-B54A-4791-AE12-4E22A9C3F2D0}.Release|Any CPU.ActiveCfg = Release|Any CPU
		{7F8CA220-B54A-4791-AE12-4E22A9C3F2D0}.Release|Any CPU.Build.0 = Release|Any CPU
		{13142421-ADBB-4B95-8813-F8B0778F2D55}.Debug|Any CPU.ActiveCfg = Debug|Any CPU
		{13142421-ADBB-4B95-8813-F8B0778F2D55}.Debug|Any CPU.Build.0 = Debug|Any CPU
		{13142421-ADBB-4B95-8813-F8B0778F2D55}.Release|Any CPU.ActiveCfg = Release|Any CPU
		{13142421-ADBB-4B95-8813-F8B0778F2D55}.Release|Any CPU.Build.0 = Release|Any CPU
		{CF8C9240-D5C7-4D6E-8059-C1F7C5362540}.Debug|Any CPU.ActiveCfg = Debug|Any CPU
		{CF8C9240-D5C7-4D6E-8059-C1F7C5362540}.Debug|Any CPU.Build.0 = Debug|Any CPU
		{CF8C9240-D5C7-4D6E-8059-C1F7C5362540}.Release|Any CPU.ActiveCfg = Release|Any CPU
		{CF8C9240-D5C7-4D6E-8059-C1F7C5362540}.Release|Any CPU.Build.0 = Release|Any CPU
	EndGlobalSection
	GlobalSection(SolutionProperties) = preSolution
		HideSolutionNode = FALSE
	EndGlobalSection
	GlobalSection(ExtensibilityGlobals) = postSolution
		SolutionGuid = {05C4FB87-458B-4CFA-9DD8-55BAD2E7BCB6}
	EndGlobalSection
EndGlobal
